
Microsoft Visual Studio Solution File, Format Version 12.00
# Visual Studio Version 17
VisualStudioVersion = 17.5.33414.496
MinimumVisualStudioVersion = 10.0.40219.1
Project("{9A19103F-16F7-4668-BE54-9A1E7A4F7556}") = "ClothesShopWebAPI", "ClothesShopWebAPI.csproj", "{9AC84DDD-C8DE-4E4F-93EB-B4442E6C99CE}"
EndProject
Project("{9A19103F-16F7-4668-BE54-9A1E7A4F7556}") = "ClothesShop.Common", "..\ClothesShop.Common\ClothesShop.Common.csproj", "{DF81B5E1-9BE1-407B-9FF8-3AF273C87CBE}"
EndProject
Project("{9A19103F-16F7-4668-BE54-9A1E7A4F7556}") = "ClothesShop.DAL", "..\ClothesShop.DAL\ClothesShop.DAL.csproj", "{D62ED05B-8F6C-4103-9564-BD883B742840}"
EndProject
Project("{FAE04EC0-301F-11D3-BF4B-00C04F79EFBC}") = "ClothesShopTests", "..\ClothesShopTests\ClothesShopTests.csproj", "{A61B5A7C-5CB9-478D-AEE7-FB84B1DA80EC}"
EndProject
Global
	GlobalSection(SolutionConfigurationPlatforms) = preSolution
		Debug|Any CPU = Debug|Any CPU
		Release|Any CPU = Release|Any CPU
	EndGlobalSection
	GlobalSection(ProjectConfigurationPlatforms) = postSolution
		{9AC84DDD-C8DE-4E4F-93EB-B4442E6C99CE}.Debug|Any CPU.ActiveCfg = Debug|Any CPU
		{9AC84DDD-C8DE-4E4F-93EB-B4442E6C99CE}.Debug|Any CPU.Build.0 = Debug|Any CPU
		{9AC84DDD-C8DE-4E4F-93EB-B4442E6C99CE}.Release|Any CPU.ActiveCfg = Release|Any CPU
		{9AC84DDD-C8DE-4E4F-93EB-B4442E6C99CE}.Release|Any CPU.Build.0 = Release|Any CPU
		{DF81B5E1-9BE1-407B-9FF8-3AF273C87CBE}.Debug|Any CPU.ActiveCfg = Debug|Any CPU
		{DF81B5E1-9BE1-407B-9FF8-3AF273C87CBE}.Debug|Any CPU.Build.0 = Debug|Any CPU
		{DF81B5E1-9BE1-407B-9FF8-3AF273C87CBE}.Release|Any CPU.ActiveCfg = Release|Any CPU
		{DF81B5E1-9BE1-407B-9FF8-3AF273C87CBE}.Release|Any CPU.Build.0 = Release|Any CPU
		{D62ED05B-8F6C-4103-9564-BD883B742840}.Debug|Any CPU.ActiveCfg = Debug|Any CPU
		{D62ED05B-8F6C-4103-9564-BD883B742840}.Debug|Any CPU.Build.0 = Debug|Any CPU
		{D62ED05B-8F6C-4103-9564-BD883B742840}.Release|Any CPU.ActiveCfg = Release|Any CPU
		{D62ED05B-8F6C-4103-9564-BD883B742840}.Release|Any CPU.Build.0 = Release|Any CPU
		{A61B5A7C-5CB9-478D-AEE7-FB84B1DA80EC}.Debug|Any CPU.ActiveCfg = Debug|Any CPU
		{A61B5A7C-5CB9-478D-AEE7-FB84B1DA80EC}.Debug|Any CPU.Build.0 = Debug|Any CPU
		{A61B5A7C-5CB9-478D-AEE7-FB84B1DA80EC}.Release|Any CPU.ActiveCfg = Release|Any CPU
		{A61B5A7C-5CB9-478D-AEE7-FB84B1DA80EC}.Release|Any CPU.Build.0 = Release|Any CPU
	EndGlobalSection
	GlobalSection(SolutionProperties) = preSolution
		HideSolutionNode = FALSE
	EndGlobalSection
	GlobalSection(ExtensibilityGlobals) = postSolution
		SolutionGuid = {9497D0DC-D28C-4861-AE77-C90BA4F31299}
	EndGlobalSection
EndGlobal
